// !$*UTF8*$!
{
	archiveVersion = 1;
	classes = {
	};
	objectVersion = 46;
	objects = {

/* Begin PBXBuildFile section */
		C75223551B5ED0C0007AB410 /* AppDelegate.swift in Sources */ = {isa = PBXBuildFile; fileRef = C75223541B5ED0C0007AB410 /* AppDelegate.swift */; };
		C75223571B5ED0C0007AB410 /* ViewController.swift in Sources */ = {isa = PBXBuildFile; fileRef = C75223561B5ED0C0007AB410 /* ViewController.swift */; };
		C752235A1B5ED0C0007AB410 /* Main.storyboard in Resources */ = {isa = PBXBuildFile; fileRef = C75223581B5ED0C0007AB410 /* Main.storyboard */; };
		C752235C1B5ED0C0007AB410 /* Images.xcassets in Resources */ = {isa = PBXBuildFile; fileRef = C752235B1B5ED0C0007AB410 /* Images.xcassets */; };
		C752235F1B5ED0C0007AB410 /* LaunchScreen.xib in Resources */ = {isa = PBXBuildFile; fileRef = C752235D1B5ED0C0007AB410 /* LaunchScreen.xib */; };
		C75223751B5ED11D007AB410 /* DrawView.swift in Sources */ = {isa = PBXBuildFile; fileRef = C75223741B5ED11D007AB410 /* DrawView.swift */; };
		C75223771B5ED303007AB410 /* Line.swift in Sources */ = {isa = PBXBuildFile; fileRef = C75223761B5ED303007AB410 /* Line.swift */; };
/* End PBXBuildFile section */

/* Begin PBXFileReference section */
		C752234F1B5ED0C0007AB410 /* Drawing_CoreGraphic.app */ = {isa = PBXFileReference; explicitFileType = wrapper.application; includeInIndex = 0; path = Drawing_CoreGraphic.app; sourceTree = BUILT_PRODUCTS_DIR; };
		C75223531B5ED0C0007AB410 /* Info.plist */ = {isa = PBXFileReference; lastKnownFileType = text.plist.xml; path = Info.plist; sourceTree = "<group>"; };
		C75223541B5ED0C0007AB410 /* AppDelegate.swift */ = {isa = PBXFileReference; lastKnownFileType = sourcecode.swift; path = AppDelegate.swift; sourceTree = "<group>"; };
		C75223561B5ED0C0007AB410 /* ViewController.swift */ = {isa = PBXFileReference; lastKnownFileType = sourcecode.swift; path = ViewController.swift; sourceTree = "<group>"; };
		C75223591B5ED0C0007AB410 /* Base */ = {isa = PBXFileReference; lastKnownFileType = file.storyboard; name = Base; path = Base.lproj/Main.storyboard; sourceTree = "<group>"; };
		C752235B1B5ED0C0007AB410 /* Images.xcassets */ = {isa = PBXFileReference; lastKnownFileType = folder.assetcatalog; path = Images.xcassets; sourceTree = "<group>"; };
		C752235E1B5ED0C0007AB410 /* Base */ = {isa = PBXFileReference; lastKnownFileType = file.xib; name = Base; path = Base.lproj/LaunchScreen.xib; sourceTree = "<group>"; };
		C75223691B5ED0C0007AB410 /* Info.plist */ = {isa = PBXFileReference; lastKnownFileType = text.plist.xml; path = Info.plist; sourceTree = "<group>"; };
		C752236A1B5ED0C0007AB410 /* Drawing_CoreGraphicTests.swift */ = {isa = PBXFileReference; lastKnownFileType = sourcecode.swift; path = Drawing_CoreGraphicTests.swift; sourceTree = "<group>"; };
		C75223741B5ED11D007AB410 /* DrawView.swift */ = {isa = PBXFileReference; fileEncoding = 4; lastKnownFileType = sourcecode.swift; path = DrawView.swift; sourceTree = "<group>"; };
		C75223761B5ED303007AB410 /* Line.swift */ = {isa = PBXFileReference; fileEncoding = 4; lastKnownFileType = sourcecode.swift; path = Line.swift; sourceTree = "<group>"; };
/* End PBXFileReference section */

/* Begin PBXFrameworksBuildPhase section */
		C752234C1B5ED0C0007AB410 /* Frameworks */ = {
			isa = PBXFrameworksBuildPhase;
			buildActionMask = 2147483647;
			files = (
			);
			runOnlyForDeploymentPostprocessing = 0;
		};
/* End PBXFrameworksBuildPhase section */

/* Begin PBXGroup section */
		C75223461B5ED0C0007AB410 = {
			isa = PBXGroup;
			children = (
				C75223511B5ED0C0007AB410 /* Drawing_CoreGraphic */,
				C75223671B5ED0C0007AB410 /* Drawing_CoreGraphicTests */,
				C75223501B5ED0C0007AB410 /* Products */,
			);
			sourceTree = "<group>";
		};
		C75223501B5ED0C0007AB410 /* Products */ = {
			isa = PBXGroup;
			children = (
				C752234F1B5ED0C0007AB410 /* Drawing_CoreGraphic.app */,
			);
			name = Products;
			sourceTree = "<group>";
		};
		C75223511B5ED0C0007AB410 /* Drawing_CoreGraphic */ = {
			isa = PBXGroup;
			children = (
				C75223541B5ED0C0007AB410 /* AppDelegate.swift */,
				C75223561B5ED0C0007AB410 /* ViewController.swift */,
				C75223741B5ED11D007AB410 /* DrawView.swift */,
				C75223761B5ED303007AB410 /* Line.swift */,
				C75223581B5ED0C0007AB410 /* Main.storyboard */,
				C752235B1B5ED0C0007AB410 /* Images.xcassets */,
				C752235D1B5ED0C0007AB410 /* LaunchScreen.xib */,
				C75223521B5ED0C0007AB410 /* Supporting Files */,
			);
			path = Drawing_CoreGraphic;
			sourceTree = "<group>";
		};
		C75223521B5ED0C0007AB410 /* Supporting Files */ = {
			isa = PBXGroup;
			children = (
				C75223531B5ED0C0007AB410 /* Info.plist */,
			);
			name = "Supporting Files";
			sourceTree = "<group>";
		};
		C75223671B5ED0C0007AB410 /* Drawing_CoreGraphicTests */ = {
			isa = PBXGroup;
			children = (
				C752236A1B5ED0C0007AB410 /* Drawing_CoreGraphicTests.swift */,
				C75223681B5ED0C0007AB410 /* Supporting Files */,
			);
			path = Drawing_CoreGraphicTests;
			sourceTree = "<group>";
		};
		C75223681B5ED0C0007AB410 /* Supporting Files */ = {
			isa = PBXGroup;
			children = (
				C75223691B5ED0C0007AB410 /* Info.plist */,
			);
			name = "Supporting Files";
			sourceTree = "<group>";
		};
/* End PBXGroup section */

/* Begin PBXNativeTarget section */
		C752234E1B5ED0C0007AB410 /* Drawing_CoreGraphic */ = {
			isa = PBXNativeTarget;
			buildConfigurationList = C752236E1B5ED0C0007AB410 /* Build configuration list for PBXNativeTarget "Drawing_CoreGraphic" */;
			buildPhases = (
				C752234B1B5ED0C0007AB410 /* Sources */,
				C752234C1B5ED0C0007AB410 /* Frameworks */,
				C752234D1B5ED0C0007AB410 /* Resources */,
			);
			buildRules = (
			);
			dependencies = (
			);
			name = Drawing_CoreGraphic;
			productName = Drawing_CoreGraphic;
			productReference = C752234F1B5ED0C0007AB410 /* Drawing_CoreGraphic.app */;
			productType = "com.apple.product-type.application";
		};
/* End PBXNativeTarget section */

/* Begin PBXProject section */
		C75223471B5ED0C0007AB410 /* Project object */ = {
			isa = PBXProject;
			attributes = {
				LastSwiftMigration = 0730;
				LastSwiftUpdateCheck = 0730;
				LastUpgradeCheck = 0640;
				ORGANIZATIONNAME = "Vincent Narbot";
				TargetAttributes = {
					C752234E1B5ED0C0007AB410 = {
						CreatedOnToolsVersion = 6.4;
					};
				};
			};
			buildConfigurationList = C752234A1B5ED0C0007AB410 /* Build configuration list for PBXProject "Drawing_CoreGraphic" */;
			compatibilityVersion = "Xcode 3.2";
			developmentRegion = English;
			hasScannedForEncodings = 0;
			knownRegions = (
				en,
				Base,
			);
			mainGroup = C75223461B5ED0C0007AB410;
			productRefGroup = C75223501B5ED0C0007AB410 /* Products */;
			projectDirPath = "";
			projectRoot = "";
			targets = (
				C752234E1B5ED0C0007AB410 /* Drawing_CoreGraphic */,
			);
		};
/* End PBXProject section */

/* Begin PBXResourcesBuildPhase section */
		C752234D1B5ED0C0007AB410 /* Resources */ = {
			isa = PBXResourcesBuildPhase;
			buildActionMask = 2147483647;
			files = (
				C752235A1B5ED0C0007AB410 /* Main.storyboard in Resources */,
				C752235F1B5ED0C0007AB410 /* LaunchScreen.xib in Resources */,
				C752235C1B5ED0C0007AB410 /* Images.xcassets in Resources */,
			);
			runOnlyForDeploymentPostprocessing = 0;
		};
/* End PBXResourcesBuildPhase section */

/* Begin PBXSourcesBuildPhase section */
		C752234B1B5ED0C0007AB410 /* Sources */ = {
			isa = PBXSourcesBuildPhase;
			buildActionMask = 2147483647;
			files = (
				C75223571B5ED0C0007AB410 /* ViewController.swift in Sources */,
				C75223771B5ED303007AB410 /* Line.swift in Sources */,
				C75223551B5ED0C0007AB410 /* AppDelegate.swift in Sources */,
				C75223751B5ED11D007AB410 /* DrawView.swift in Sources */,
			);
			runOnlyForDeploymentPostprocessing = 0;
		};
/* End PBXSourcesBuildPhase section */

/* Begin PBXVariantGroup section */
		C75223581B5ED0C0007AB410 /* Main.storyboard */ = {
			isa = PBXVariantGroup;
			children = (
				C75223591B5ED0C0007AB410 /* Base */,
			);
			name = Main.storyboard;
			sourceTree = "<group>";
		};
		C752235D1B5ED0C0007AB410 /* LaunchScreen.xib */ = {
			isa = PBXVariantGroup;
			children = (
				C752235E1B5ED0C0007AB410 /* Base */,
			);
			name = LaunchScreen.xib;
			sourceTree = "<group>";
		};
/* End PBXVariantGroup section */

/* Begin XCBuildConfiguration section */
		C752236C1B5ED0C0007AB410 /* Debug */ = {
			isa = XCBuildConfiguration;
			buildSettings = {
				ALWAYS_SEARCH_USER_PATHS = NO;
				CLANG_CXX_LANGUAGE_STANDARD = "gnu++0x";
				CLANG_CXX_LIBRARY = "libc++";
				CLANG_ENABLE_MODULES = YES;
				CLANG_ENABLE_OBJC_ARC = YES;
				CLANG_WARN_BOOL_CONVERSION = YES;
				CLANG_WARN_CONSTANT_CONVERSION = YES;
				CLANG_WARN_DIRECT_OBJC_ISA_USAGE = YES_ERROR;
				CLANG_WARN_EMPTY_BODY = YES;
				CLANG_WARN_ENUM_CONVERSION = YES;
				CLANG_WARN_INT_CONVERSION = YES;
				CLANG_WARN_OBJC_ROOT_CLASS = YES_ERROR;
				CLANG_WARN_UNREACHABLE_CODE = YES;
				CLANG_WARN__DUPLICATE_METHOD_MATCH = YES;
				"CODE_SIGN_IDENTITY[sdk=iphoneos*]" = "iPhone Developer";
				COPY_PHASE_STRIP = NO;
				DEBUG_INFORMATION_FORMAT = "dwarf-with-dsym";
				ENABLE_STRICT_OBJC_MSGSEND = YES;
				GCC_C_LANGUAGE_STANDARD = gnu99;
				GCC_DYNAMIC_NO_PIC = NO;
				GCC_NO_COMMON_BLOCKS = YES;
				GCC_OPTIMIZATION_LEVEL = 0;
				GCC_PREPROCESSOR_DEFINITIONS = (
					"DEBUG=1",
					"$(inherited)",
				);
				GCC_SYMBOLS_PRIVATE_EXTERN = NO;
				GCC_WARN_64_TO_32_BIT_CONVERSION = YES;
				GCC_WARN_ABOUT_RETURN_TYPE = YES_ERROR;
				GCC_WARN_UNDECLARED_SELECTOR = YES;
				GCC_WARN_UNINITIALIZED_AUTOS = YES_AGGRESSIVE;
				GCC_WARN_UNUSED_FUNCTION = YES;
				GCC_WARN_UNUSED_VARIABLE = YES;
				IPHONEOS_DEPLOYMENT_TARGET = 8.4;
				MTL_ENABLE_DEBUG_INFO = YES;
				ONLY_ACTIVE_ARCH = YES;
				SDKROOT = iphoneos;
				SWIFT_OPTIMIZATION_LEVEL = "-Onone";
				TARGETED_DEVICE_FAMILY = "1,2";
			};
			name = Debug;
		};
		C752236D1B5ED0C0007AB410 /* Release */ = {
			isa = XCBuildConfiguration;
			buildSettings = {
				ALWAYS_SEARCH_USER_PATHS = NO;
				CLANG_CXX_LANGUAGE_STANDARD = "gnu++0x";
				CLANG_CXX_LIBRARY = "libc++";
				CLANG_ENABLE_MODULES = YES;
				CLANG_ENABLE_OBJC_ARC = YES;
				CLANG_WARN_BOOL_CONVERSION = YES;
				CLANG_WARN_CONSTANT_CONVERSION = YES;
				CLANG_WARN_DIRECT_OBJC_ISA_USAGE = YES_ERROR;
				CLANG_WARN_EMPTY_BODY = YES;
				CLANG_WARN_ENUM_CONVERSION = YES;
				CLANG_WARN_INT_CONVERSION = YES;
				CLANG_WARN_OBJC_ROOT_CLASS = YES_ERROR;
				CLANG_WARN_UNREACHABLE_CODE = YES;
				CLANG_WARN__DUPLICATE_METHOD_MATCH = YES;
				"CODE_SIGN_IDENTITY[sdk=iphoneos*]" = "iPhone Developer";
				COPY_PHASE_STRIP = NO;
				DEBUG_INFORMATION_FORMAT = "dwarf-with-dsym";
				ENABLE_NS_ASSERTIONS = NO;
				ENABLE_STRICT_OBJC_MSGSEND = YES;
				GCC_C_LANGUAGE_STANDARD = gnu99;
				GCC_NO_COMMON_BLOCKS = YES;
				GCC_WARN_64_TO_32_BIT_CONVERSION = YES;
				GCC_WARN_ABOUT_RETURN_TYPE = YES_ERROR;
				GCC_WARN_UNDECLARED_SELECTOR = YES;
				GCC_WARN_UNINITIALIZED_AUTOS = YES_AGGRESSIVE;
				GCC_WARN_UNUSED_FUNCTION = YES;
				GCC_WARN_UNUSED_VARIABLE = YES;
				IPHONEOS_DEPLOYMENT_TARGET = 8.4;
				MTL_ENABLE_DEBUG_INFO = NO;
				SDKROOT = iphoneos;
				TARGETED_DEVICE_FAMILY = "1,2";
				VALIDATE_PRODUCT = YES;
			};
			name = Release;
		};
		C752236F1B5ED0C0007AB410 /* Debug */ = {
			isa = XCBuildConfiguration;
			buildSettings = {
				ASSETCATALOG_COMPILER_APPICON_NAME = AppIcon;
				INFOPLIST_FILE = Drawing_CoreGraphic/Info.plist;
				LD_RUNPATH_SEARCH_PATHS = "$(inherited) @executable_path/Frameworks";
				PRODUCT_NAME = "$(TARGET_NAME)";
			};
			name = Debug;
		};
		C75223701B5ED0C0007AB410 /* Release */ = {
			isa = XCBuildConfiguration;
			buildSettings = {
				ASSETCATALOG_COMPILER_APPICON_NAME = AppIcon;
				INFOPLIST_FILE = Drawing_CoreGraphic/Info.plist;
				LD_RUNPATH_SEARCH_PATHS = "$(inherited) @executable_path/Frameworks";
				PRODUCT_NAME = "$(TARGET_NAME)";
			};
			name = Release;
		};
/* End XCBuildConfiguration section */

/* Begin XCConfigurationList section */
		C752234A1B5ED0C0007AB410 /* Build configuration list for PBXProject "Drawing_CoreGraphic" */ = {
			isa = XCConfigurationList;
			buildConfigurations = (
				C752236C1B5ED0C0007AB410 /* Debug */,
				C752236D1B5ED0C0007AB410 /* Release */,
			);
			defaultConfigurationIsVisible = 0;
			defaultConfigurationName = Release;
		};
		C752236E1B5ED0C0007AB410 /* Build configuration list for PBXNativeTarget "Drawing_CoreGraphic" */ = {
			isa = XCConfigurationList;
			buildConfigurations = (
				C752236F1B5ED0C0007AB410 /* Debug */,
				C75223701B5ED0C0007AB410 /* Release */,
			);
			defaultConfigurationIsVisible = 0;
			defaultConfigurationName = Release;
		};
/* End XCConfigurationList section */
	};
	rootObject = C75223471B5ED0C0007AB410 /* Project object */;
}
